schema = "reprobuild.solved-graph-lock.v2"

[lock]
platform = "amd64-linux"
optimal = false
inputs_digest = "fnv1a64:47e493f37224fce4"
variants = []
packages = [{ name = "capnp", version = "1.0.0", source = "capnp", selection = "selected" }, { name = "cargo", version = "1.85.0", source = "cargo", selection = "selected" }, { name = "codetracer_ruby_recorder", version = "0.1.0", source = "codetracer_ruby_recorder", selection = "selected" }, { name = "gcc", version = "1.0.0", source = "gcc", selection = "selected" }, { name = "nim", version = "2.2.0", source = "nim", selection = "selected" }, { name = "nimble", version = "1.0.0", source = "nimble", selection = "selected" }, { name = "openssl", version = "1.0.0", source = "openssl", selection = "selected" }, { name = "pkg-config", version = "1.0.0", source = "pkg-config", selection = "selected" }, { name = "ruby", version = "3.1.0", source = "ruby", selection = "selected" }, { name = "rustc", version = "1.85.0", source = "rustc", selection = "selected" }, { name = "zstd", version = "1.0.0", source = "zstd", selection = "selected" }]
deps = [{ name = "codetracer-ruby-recorder", path = ".", coord_kind = "vcs", url = "https://github.com/metacraft-labs/codetracer-ruby-recorder", ref = "relock/trace-format-call-stream", revision = "ea1d0547336575e4e2b724bed14ac12905b5575f", integrity = "git-sha1:ea1d0547336575e4e2b724bed14ac12905b5575f", version = "", visibility = "public", participation = "", depends = "codetracer-trace-format,codetracer-trace-format-nim", tags = "" }, { name = "codetracer-trace-format", path = "../codetracer-trace-format", coord_kind = "vcs", url = "https://github.com/metacraft-labs/codetracer-trace-format", ref = "agents", revision = "d6c4ef2ab84690a37bc4154db4e2aa9ebda57134", integrity = "git-sha1:d6c4ef2ab84690a37bc4154db4e2aa9ebda57134", version = "", visibility = "public", participation = "", depends = "", tags = "" }, { name = "codetracer-trace-format-nim", path = "../codetracer-trace-format-nim", coord_kind = "vcs", url = "https://github.com/metacraft-labs/codetracer-trace-format-nim", ref = "agents", revision = "3b84a151a949f000210643c70597a36a5b3f3e86", integrity = "git-sha1:3b84a151a949f000210643c70597a36a5b3f3e86", version = "", visibility = "public", participation = "", depends = "", tags = "" }]
